
Microsoft Visual Studio Solution File, Format Version 12.00
# Visual Studio Version 17
VisualStudioVersion = 17.4.33213.308
MinimumVisualStudioVersion = 10.0.40219.1
Project("{FAE04EC0-301F-11D3-BF4B-00C04F79EFBC}") = "MyFirstApp", "MyFirstApp\MyFirstApp.csproj", "{DBAE3993-55B8-4D43-83A4-15E43CCA94A7}"
EndProject
Global
	GlobalSection(SolutionConfigurationPlatforms) = preSolution
		Debug|Any CPU = Debug|Any CPU
		Release|Any CPU = Release|Any CPU
	EndGlobalSection
	GlobalSection(ProjectConfigurationPlatforms) = postSolution
		{DBAE3993-55B8-4D43-83A4-15E43CCA94A7}.Debug|Any CPU.ActiveCfg = Debug|Any CPU
		{DBAE3993-55B8-4D43-83A4-15E43CCA94A7}.Debug|Any CPU.Build.0 = Debug|Any CPU
		{DBAE3993-55B8-4D43-83A4-15E43CCA94A7}.Release|Any CPU.ActiveCfg = Release|Any CPU
		{DBAE3993-55B8-4D43-83A4-15E43CCA94A7}.Release|Any CPU.Build.0 = Release|Any CPU
	EndGlobalSection
	GlobalSection(SolutionProperties) = preSolution
		HideSolutionNode = FALSE
	EndGlobalSection
	GlobalSection(ExtensibilityGlobals) = postSolution
		SolutionGuid = {37AF4A7D-528D-4650-9285-612E7FEB93F3}
	EndGlobalSection
EndGlobal
